
Microsoft Visual Studio Solution File, Format Version 12.00
# Visual Studio 15
VisualStudioVersion = 15.0.28307.572
MinimumVisualStudioVersion = 10.0.40219.1
Project("{9A19103F-16F7-4668-BE54-9A1E7A4F7556}") = "Com.Everyday.Service.Auth.Lib", "Com.Everyday.Service.Auth.Lib\Com.Everyday.Service.Auth.Lib.csproj", "{21E341EF-7D1C-4241-ADCF-B94DAB5A0C3A}"
EndProject
Project("{9A19103F-16F7-4668-BE54-9A1E7A4F7556}") = "Com.Everyday.Service.Auth.Test", "Com.Everyday.Service.Auth.Test\Com.Everyday.Service.Auth.Test.csproj", "{12D0577C-5167-49B3-8CB7-D58ED3B0EFCE}"
EndProject
Project("{9A19103F-16F7-4668-BE54-9A1E7A4F7556}") = "Com.Everyday.Service.Auth.WebApi", "Com.Everyday.Service.Auth.WebApi\Com.Everyday.Service.Auth.WebApi.csproj", "{CCCD622D-E168-449C-885D-3A4437202540}"
EndProject
Global
	GlobalSection(SolutionConfigurationPlatforms) = preSolution
		Debug|Any CPU = Debug|Any CPU
		Release|Any CPU = Release|Any CPU
	EndGlobalSection
	GlobalSection(ProjectConfigurationPlatforms) = postSolution
		{21E341EF-7D1C-4241-ADCF-B94DAB5A0C3A}.Debug|Any CPU.ActiveCfg = Debug|Any CPU
		{21E341EF-7D1C-4241-ADCF-B94DAB5A0C3A}.Debug|Any CPU.Build.0 = Debug|Any CPU
		{21E341EF-7D1C-4241-ADCF-B94DAB5A0C3A}.Release|Any CPU.ActiveCfg = Release|Any CPU
		{21E341EF-7D1C-4241-ADCF-B94DAB5A0C3A}.Release|Any CPU.Build.0 = Release|Any CPU
		{12D0577C-5167-49B3-8CB7-D58ED3B0EFCE}.Debug|Any CPU.ActiveCfg = Debug|Any CPU
		{12D0577C-5167-49B3-8CB7-D58ED3B0EFCE}.Debug|Any CPU.Build.0 = Debug|Any CPU
		{12D0577C-5167-49B3-8CB7-D58ED3B0EFCE}.Release|Any CPU.ActiveCfg = Release|Any CPU
		{12D0577C-5167-49B3-8CB7-D58ED3B0EFCE}.Release|Any CPU.Build.0 = Release|Any CPU
		{CCCD622D-E168-449C-885D-3A4437202540}.Debug|Any CPU.ActiveCfg = Debug|Any CPU
		{CCCD622D-E168-449C-885D-3A4437202540}.Debug|Any CPU.Build.0 = Debug|Any CPU
		{CCCD622D-E168-449C-885D-3A4437202540}.Release|Any CPU.ActiveCfg = Release|Any CPU
		{CCCD622D-E168-449C-885D-3A4437202540}.Release|Any CPU.Build.0 = Release|Any CPU
	EndGlobalSection
	GlobalSection(SolutionProperties) = preSolution
		HideSolutionNode = FALSE
	EndGlobalSection
	GlobalSection(ExtensibilityGlobals) = postSolution
		SolutionGuid = {6C324128-5473-4B1B-9457-E4FA570CC142}
	EndGlobalSection
EndGlobal
